// !$*UTF8*$!
{ archiveVersion=1; classes={}; objectVersion=56; objects={
8229678B8CD4AE97A609D631 = {isa = PBXFileReference; lastKnownFileType = sourcecode.swift; path = "App/RosterView.swift"; sourceTree = "<group>"; };
38B668C5E1686B23667416E8 = {isa=PBXBuildFile; fileRef=8229678B8CD4AE97A609D631; };
3A0E8183391DACB00E6FBB5B = {isa = PBXFileReference; lastKnownFileType = sourcecode.swift; path = "App/CalibrationView.swift"; sourceTree = "<group>"; };
6A4750539B1453E41B59FC45 = {isa=PBXBuildFile; fileRef=3A0E8183391DACB00E6FBB5B; };
922B3F7FC72C773FF587BC24 = {isa = PBXFileReference; lastKnownFileType = sourcecode.swift; path = "App/RecognitionView.swift"; sourceTree = "<group>"; };
0116F62E592A7DD2FDD79EE8 = {isa=PBXBuildFile; fileRef=922B3F7FC72C773FF587BC24; };
D8BF5DDC28E812D1FC78BDCA = {isa = PBXFileReference; lastKnownFileType = sourcecode.swift; path = "App/StatisticsView.swift"; sourceTree = "<group>"; };
4E98EF8021B77073F2F4FC78 = {isa=PBXBuildFile; fileRef=D8BF5DDC28E812D1FC78BDCA; };
2C3DB35B169730F0F34E1036 = {isa = PBXFileReference; lastKnownFileType = sourcecode.swift; path = "App/ImportPreviewView.swift"; sourceTree = "<group>"; };
C36F636E2258521C546F6674 = {isa=PBXBuildFile; fileRef=2C3DB35B169730F0F34E1036; };
F9D1CC06F88C05C89CA84E3C = {isa = PBXFileReference; lastKnownFileType = sourcecode.swift; path = "App/AppModel.swift"; sourceTree = "<group>"; };
6647B957C0BCE26BFBFC83FE = {isa=PBXBuildFile; fileRef=F9D1CC06F88C05C89CA84E3C; };
F61C743C28DEE00ACFE4597E = {isa = PBXFileReference; lastKnownFileType = sourcecode.swift; path = "App/StudentEditor.swift"; sourceTree = "<group>"; };
C564AFC1CC5060C6787314E7 = {isa=PBXBuildFile; fileRef=F61C743C28DEE00ACFE4597E; };
90F1F2330C30ACADD8A0EB61 = {isa = PBXFileReference; lastKnownFileType = sourcecode.swift; path = "App/RootView.swift"; sourceTree = "<group>"; };
6E5ADF97B74568D5E0C965A2 = {isa=PBXBuildFile; fileRef=90F1F2330C30ACADD8A0EB61; };
2C0C74524D4DF4C421CA93BE = {isa = PBXFileReference; lastKnownFileType = sourcecode.swift; path = "App/PhonePocketApp.swift"; sourceTree = "<group>"; };
ABAEB9122EA1B54C0A85832F = {isa=PBXBuildFile; fileRef=2C0C74524D4DF4C421CA93BE; };
CA25824495B0344BE8E52660 = {isa = PBXFileReference; lastKnownFileType = sourcecode.swift; path = "App/CameraPicker.swift"; sourceTree = "<group>"; };
0EC7DA05A9BE39A6030DFA33 = {isa=PBXBuildFile; fileRef=CA25824495B0344BE8E52660; };
B5EED6C10F397C992DD83E42 = {isa = PBXFileReference; lastKnownFileType = sourcecode.swift; path = "App/PocketCard.swift"; sourceTree = "<group>"; };
34E23740DDC55A4FB3CEA7F2 = {isa=PBXBuildFile; fileRef=B5EED6C10F397C992DD83E42; };
FC9EA39B96DB868A62063A20 = {isa = PBXFileReference; lastKnownFileType = sourcecode.swift; path = "App/PocketDetailView.swift"; sourceTree = "<group>"; };
08CC940C80BFF0755CE2AC86 = {isa=PBXBuildFile; fileRef=FC9EA39B96DB868A62063A20; };
FA9CB8BE5899E70E33B08B83 = {isa = PBXFileReference; lastKnownFileType = sourcecode.swift; path = "App/HistoryView.swift"; sourceTree = "<group>"; };
27D5E08754ACA3C4A51EE7ED = {isa=PBXBuildFile; fileRef=FA9CB8BE5899E70E33B08B83; };
67E2039CF2C4DE550811A8F1 = {isa = PBXFileReference; lastKnownFileType = sourcecode.swift; path = "App/LessonEditor.swift"; sourceTree = "<group>"; };
CDE9167861E2D1557558714C = {isa=PBXBuildFile; fileRef=67E2039CF2C4DE550811A8F1; };
046790EE5AF5FBB76F102339 = {isa = PBXFileReference; lastKnownFileType = sourcecode.swift; path = "Core/Lesson.swift"; sourceTree = "<group>"; };
D8B6D1E2901BCFD0C1519960 = {isa=PBXBuildFile; fileRef=046790EE5AF5FBB76F102339; };
6D217C82F5CDD09C9C24E3CA = {isa = PBXFileReference; lastKnownFileType = sourcecode.swift; path = "Core/SubmissionState.swift"; sourceTree = "<group>"; };
CCBB6B135FACDE1E82CE926B = {isa=PBXBuildFile; fileRef=6D217C82F5CDD09C9C24E3CA; };
FC84BC42ADEB02636401978A = {isa = PBXFileReference; lastKnownFileType = sourcecode.swift; path = "Core/ZipContainer.swift"; sourceTree = "<group>"; };
B5F73740E9A53A4184AA3F33 = {isa=PBXBuildFile; fileRef=FC84BC42ADEB02636401978A; };
F8B234BA9426FD776FC51ECE = {isa = PBXFileReference; lastKnownFileType = sourcecode.swift; path = "Core/Archive.swift"; sourceTree = "<group>"; };
4D2C1396F2E8F1286472EB2D = {isa=PBXBuildFile; fileRef=F8B234BA9426FD776FC51ECE; };
35BC96C1D918EE1A7677B28F = {isa = PBXFileReference; lastKnownFileType = sourcecode.swift; path = "Core/ChangeLog.swift"; sourceTree = "<group>"; };
0E5772A90471EB030CEE930E = {isa=PBXBuildFile; fileRef=35BC96C1D918EE1A7677B28F; };
121255E3ED7D763975C51CEA = {isa = PBXFileReference; lastKnownFileType = sourcecode.swift; path = "Core/PhoneAnalyzer.swift"; sourceTree = "<group>"; };
9D6714EEC209D5F524BCACC7 = {isa=PBXBuildFile; fileRef=121255E3ED7D763975C51CEA; };
D4F42911604FE3AB47D3D1B3 = {isa = PBXFileReference; lastKnownFileType = sourcecode.swift; path = "Core/SheetXML.swift"; sourceTree = "<group>"; };
2C37D0D334CB77507426BB0A = {isa=PBXBuildFile; fileRef=D4F42911604FE3AB47D3D1B3; };
21641D23813813B6C89BC65D = {isa = PBXFileReference; lastKnownFileType = sourcecode.swift; path = "Core/Workbook.swift"; sourceTree = "<group>"; };
F6D423E3AB8C44F98D6E553D = {isa=PBXBuildFile; fileRef=21641D23813813B6C89BC65D; };
24EA67BFDE7E9C5BA8E660D9 = {isa = PBXFileReference; lastKnownFileType = sourcecode.swift; path = "Core/ArchiveFile.swift"; sourceTree = "<group>"; };
A4AF998A37ECB440BA6744E3 = {isa=PBXBuildFile; fileRef=24EA67BFDE7E9C5BA8E660D9; };
3524785B40B6AF9703D8FF70 = {isa = PBXFileReference; lastKnownFileType = sourcecode.swift; path = "Core/PocketError.swift"; sourceTree = "<group>"; };
B9E71299ECCA1FA9A5519C94 = {isa=PBXBuildFile; fileRef=3524785B40B6AF9703D8FF70; };
A786C364986710D50034B2BB = {isa = PBXFileReference; lastKnownFileType = sourcecode.swift; path = "Core/Record.swift"; sourceTree = "<group>"; };
9DD45AA864805C6E6B026808 = {isa=PBXBuildFile; fileRef=A786C364986710D50034B2BB; };
0370E8046D23A0CA6EA975BE = {isa = PBXFileReference; lastKnownFileType = sourcecode.swift; path = "Core/PocketAnalysis.swift"; sourceTree = "<group>"; };
D62E6303DD89F0C5364B29E1 = {isa=PBXBuildFile; fileRef=0370E8046D23A0CA6EA975BE; };
759602B4C2DA36838F80080B = {isa = PBXFileReference; lastKnownFileType = sourcecode.swift; path = "Core/Student.swift"; sourceTree = "<group>"; };
734D4391D49021F1760FA5D8 = {isa=PBXBuildFile; fileRef=759602B4C2DA36838F80080B; };
063D25447B97BFD509DB2476 = {isa=PBXFileReference; path="Resources/roster.xlsx"; sourceTree="<group>"; lastKnownFileType=file; };
289FE7BDB8CFF378ECAD9468 = {isa=PBXBuildFile; fileRef=063D25447B97BFD509DB2476; };
4838251EF87A82F37F498C01 = {isa=PBXFileReference; path="Resources/roster_2.xlsx"; sourceTree="<group>"; lastKnownFileType=file; };
23A93CEB10817483B753CC1B = {isa=PBXBuildFile; fileRef=4838251EF87A82F37F498C01; };
3869B35DA139398B7C20C57D = {isa=PBXFileReference; path="Resources/example_edited.jpg"; sourceTree="<group>"; lastKnownFileType=file; };
694B1E39BB72877BB0DBFB5C = {isa=PBXBuildFile; fileRef=3869B35DA139398B7C20C57D; };
4545F5318A0046043187F2EB = {isa=PBXFileReference; path="Resources/Assets.xcassets"; sourceTree="<group>"; lastKnownFileType=folder.assetcatalog; };
627BBC9C62B0C159B656E415 = {isa=PBXBuildFile; fileRef=4545F5318A0046043187F2EB; };
38A007151ABE87CC01A5B6E9 = {isa=PBXFileReference; explicitFileType=wrapper.application; path=PhonePocketManager.app; sourceTree=BUILT_PRODUCTS_DIR; };
B28B7AF69320201D1CF206EB = {isa=PBXGroup; children=(8229678B8CD4AE97A609D631,3A0E8183391DACB00E6FBB5B,922B3F7FC72C773FF587BC24,D8BF5DDC28E812D1FC78BDCA,2C3DB35B169730F0F34E1036,F9D1CC06F88C05C89CA84E3C,F61C743C28DEE00ACFE4597E,90F1F2330C30ACADD8A0EB61,2C0C74524D4DF4C421CA93BE,CA25824495B0344BE8E52660,B5EED6C10F397C992DD83E42,FC9EA39B96DB868A62063A20,FA9CB8BE5899E70E33B08B83,67E2039CF2C4DE550811A8F1,046790EE5AF5FBB76F102339,6D217C82F5CDD09C9C24E3CA,FC84BC42ADEB02636401978A,F8B234BA9426FD776FC51ECE,35BC96C1D918EE1A7677B28F,121255E3ED7D763975C51CEA,D4F42911604FE3AB47D3D1B3,21641D23813813B6C89BC65D,24EA67BFDE7E9C5BA8E660D9,3524785B40B6AF9703D8FF70,A786C364986710D50034B2BB,0370E8046D23A0CA6EA975BE,759602B4C2DA36838F80080B,063D25447B97BFD509DB2476,4838251EF87A82F37F498C01,3869B35DA139398B7C20C57D,4545F5318A0046043187F2EB,FBDC4F23F93125BBEEAE800C,); sourceTree="<group>"; };
FBDC4F23F93125BBEEAE800C = {isa=PBXGroup; children=(38A007151ABE87CC01A5B6E9,); name=Products; sourceTree="<group>"; };
BCE16DD0260827ECF338C787 = {isa=PBXSourcesBuildPhase; buildActionMask=2147483647; files=(38B668C5E1686B23667416E8,6A4750539B1453E41B59FC45,0116F62E592A7DD2FDD79EE8,4E98EF8021B77073F2F4FC78,C36F636E2258521C546F6674,6647B957C0BCE26BFBFC83FE,C564AFC1CC5060C6787314E7,6E5ADF97B74568D5E0C965A2,ABAEB9122EA1B54C0A85832F,0EC7DA05A9BE39A6030DFA33,34E23740DDC55A4FB3CEA7F2,08CC940C80BFF0755CE2AC86,27D5E08754ACA3C4A51EE7ED,CDE9167861E2D1557558714C,D8B6D1E2901BCFD0C1519960,CCBB6B135FACDE1E82CE926B,B5F73740E9A53A4184AA3F33,4D2C1396F2E8F1286472EB2D,0E5772A90471EB030CEE930E,9D6714EEC209D5F524BCACC7,2C37D0D334CB77507426BB0A,F6D423E3AB8C44F98D6E553D,A4AF998A37ECB440BA6744E3,B9E71299ECCA1FA9A5519C94,9DD45AA864805C6E6B026808,D62E6303DD89F0C5364B29E1,734D4391D49021F1760FA5D8,); runOnlyForDeploymentPostprocessing=0; };
0189424A5A60FED329FA868E = {isa=PBXResourcesBuildPhase; buildActionMask=2147483647; files=(289FE7BDB8CFF378ECAD9468,23A93CEB10817483B753CC1B,694B1E39BB72877BB0DBFB5C,627BBC9C62B0C159B656E415,); runOnlyForDeploymentPostprocessing=0; };
7561BFB015D8F536760CB671 = {isa=PBXFrameworksBuildPhase; buildActionMask=2147483647; files=(); runOnlyForDeploymentPostprocessing=0; };
89E1FD6268CC0F221A2BE178 = {isa=XCBuildConfiguration; name=Debug; buildSettings={SDKROOT=iphoneos; IPHONEOS_DEPLOYMENT_TARGET=26.0; SWIFT_VERSION=6.0; CLANG_ENABLE_MODULES=YES; SWIFT_OPTIMIZATION_LEVEL="-Onone"; }; };
7082CC0B6FC1282FCEABD07A = {isa=XCBuildConfiguration; name=Debug; buildSettings={ASSETCATALOG_COMPILER_APPICON_NAME=AppIcon; CODE_SIGN_STYLE=Automatic; CURRENT_PROJECT_VERSION=1; MARKETING_VERSION=1.0; GENERATE_INFOPLIST_FILE=YES; INFOPLIST_KEY_CFBundleDisplayName="手机上交管理"; INFOPLIST_KEY_NSCameraUsageDescription="拍摄手机袋照片，在本机识别并核对上交情况。"; INFOPLIST_KEY_UILaunchScreen_Generation=YES; INFOPLIST_KEY_UIApplicationSceneManifest_Generation=YES; INFOPLIST_KEY_UISupportedInterfaceOrientations="UIInterfaceOrientationPortrait UIInterfaceOrientationLandscapeLeft UIInterfaceOrientationLandscapeRight"; PRODUCT_BUNDLE_IDENTIFIER=org.phonepocketmanager.ios; PRODUCT_NAME="$(TARGET_NAME)"; TARGETED_DEVICE_FAMILY="1,2"; SWIFT_EMIT_LOC_STRINGS=YES; }; };
E6DE6C99132752C914FEF632 = {isa=XCBuildConfiguration; name=Release; buildSettings={SDKROOT=iphoneos; IPHONEOS_DEPLOYMENT_TARGET=26.0; SWIFT_VERSION=6.0; CLANG_ENABLE_MODULES=YES; SWIFT_OPTIMIZATION_LEVEL="-O"; }; };
639A7CA24D39909E713B47F7 = {isa=XCBuildConfiguration; name=Release; buildSettings={ASSETCATALOG_COMPILER_APPICON_NAME=AppIcon; CODE_SIGN_STYLE=Automatic; CURRENT_PROJECT_VERSION=1; MARKETING_VERSION=1.0; GENERATE_INFOPLIST_FILE=YES; INFOPLIST_KEY_CFBundleDisplayName="手机上交管理"; INFOPLIST_KEY_NSCameraUsageDescription="拍摄手机袋照片，在本机识别并核对上交情况。"; INFOPLIST_KEY_UILaunchScreen_Generation=YES; INFOPLIST_KEY_UIApplicationSceneManifest_Generation=YES; INFOPLIST_KEY_UISupportedInterfaceOrientations="UIInterfaceOrientationPortrait UIInterfaceOrientationLandscapeLeft UIInterfaceOrientationLandscapeRight"; PRODUCT_BUNDLE_IDENTIFIER=org.phonepocketmanager.ios; PRODUCT_NAME="$(TARGET_NAME)"; TARGETED_DEVICE_FAMILY="1,2"; SWIFT_EMIT_LOC_STRINGS=YES; }; };
FBD3510CED826C9DAA696E48 = {isa=XCConfigurationList; buildConfigurations=(89E1FD6268CC0F221A2BE178,E6DE6C99132752C914FEF632,); defaultConfigurationIsVisible=0; defaultConfigurationName=Release; };
DBC1F132A3B6D94B1DF33607 = {isa=XCConfigurationList; buildConfigurations=(7082CC0B6FC1282FCEABD07A,639A7CA24D39909E713B47F7,); defaultConfigurationIsVisible=0; defaultConfigurationName=Release; };
0E8A3AD980EC179856012B7E = {isa=PBXNativeTarget; buildConfigurationList=DBC1F132A3B6D94B1DF33607; buildPhases=(BCE16DD0260827ECF338C787,7561BFB015D8F536760CB671,0189424A5A60FED329FA868E,); buildRules=(); dependencies=(); name=PhonePocketManager; productName=PhonePocketManager; productReference=38A007151ABE87CC01A5B6E9; productType="com.apple.product-type.application"; };
98F54143AB4E86B28C3AFEE0 = {isa=PBXProject; attributes={LastUpgradeCheck=2660; }; buildConfigurationList=FBD3510CED826C9DAA696E48; compatibilityVersion="Xcode 14.0"; developmentRegion=en; hasScannedForEncodings=0; knownRegions=(en,Base,"zh-Hans"); mainGroup=B28B7AF69320201D1CF206EB; productRefGroup=FBDC4F23F93125BBEEAE800C; projectDirPath=""; projectRoot=""; targets=(0E8A3AD980EC179856012B7E,); };
}; rootObject=98F54143AB4E86B28C3AFEE0; }